
Microsoft Visual Studio Solution File, Format Version 12.00
# Visual Studio Version 17
VisualStudioVersion = 17.1.32414.318
MinimumVisualStudioVersion = 10.0.40219.1
Project("{9A19103F-16F7-4668-BE54-9A1E7A4F7556}") = "Parameters estimation", "Parameters estimation\Parameters estimation.csproj", "{9E418024-1392-45EB-89B6-02F1D0BB87D2}"
EndProject
Project("{9A19103F-16F7-4668-BE54-9A1E7A4F7556}") = "lab2", "lab2\lab2.csproj", "{1D698464-05DC-4780-A3FF-0D352A859556}"
EndProject
Project("{9A19103F-16F7-4668-BE54-9A1E7A4F7556}") = "Lab3", "Lab3\Lab3.csproj", "{800D4232-28C8-469A-B258-CA83AD243349}"
EndProject
Project("{FAE04EC0-301F-11D3-BF4B-00C04F79EFBC}") = "Lab2v2", "Lab2v2\Lab2v2.csproj", "{4081B6FF-F676-40C8-A8B9-A7B100DF83BE}"
EndProject
Global
	GlobalSection(SolutionConfigurationPlatforms) = preSolution
		Debug|Any CPU = Debug|Any CPU
		Release|Any CPU = Release|Any CPU
	EndGlobalSection
	GlobalSection(ProjectConfigurationPlatforms) = postSolution
		{9E418024-1392-45EB-89B6-02F1D0BB87D2}.Debug|Any CPU.ActiveCfg = Debug|Any CPU
		{9E418024-1392-45EB-89B6-02F1D0BB87D2}.Debug|Any CPU.Build.0 = Debug|Any CPU
		{9E418024-1392-45EB-89B6-02F1D0BB87D2}.Release|Any CPU.ActiveCfg = Release|Any CPU
		{9E418024-1392-45EB-89B6-02F1D0BB87D2}.Release|Any CPU.Build.0 = Release|Any CPU
		{1D698464-05DC-4780-A3FF-0D352A859556}.Debug|Any CPU.ActiveCfg = Debug|Any CPU
		{1D698464-05DC-4780-A3FF-0D352A859556}.Debug|Any CPU.Build.0 = Debug|Any CPU
		{1D698464-05DC-4780-A3FF-0D352A859556}.Release|Any CPU.ActiveCfg = Release|Any CPU
		{1D698464-05DC-4780-A3FF-0D352A859556}.Release|Any CPU.Build.0 = Release|Any CPU
		{800D4232-28C8-469A-B258-CA83AD243349}.Debug|Any CPU.ActiveCfg = Debug|Any CPU
		{800D4232-28C8-469A-B258-CA83AD243349}.Debug|Any CPU.Build.0 = Debug|Any CPU
		{800D4232-28C8-469A-B258-CA83AD243349}.Release|Any CPU.ActiveCfg = Release|Any CPU
		{800D4232-28C8-469A-B258-CA83AD243349}.Release|Any CPU.Build.0 = Release|Any CPU
		{4081B6FF-F676-40C8-A8B9-A7B100DF83BE}.Debug|Any CPU.ActiveCfg = Debug|Any CPU
		{4081B6FF-F676-40C8-A8B9-A7B100DF83BE}.Debug|Any CPU.Build.0 = Debug|Any CPU
		{4081B6FF-F676-40C8-A8B9-A7B100DF83BE}.Release|Any CPU.ActiveCfg = Release|Any CPU
		{4081B6FF-F676-40C8-A8B9-A7B100DF83BE}.Release|Any CPU.Build.0 = Release|Any CPU
	EndGlobalSection
	GlobalSection(SolutionProperties) = preSolution
		HideSolutionNode = FALSE
	EndGlobalSection
	GlobalSection(ExtensibilityGlobals) = postSolution
		SolutionGuid = {42F2441D-8971-46E2-AE61-318A08EB0B28}
	EndGlobalSection
EndGlobal
